
Microsoft Visual Studio Solution File, Format Version 12.00
Project("{FAE04EC0-301F-11D3-BF4B-00C04F79EFBC}") = "TestA", "TestA\TestA.csproj", "{619089C3-7974-433A-A74D-4E9ABDF1B6A3}"
EndProject
Project("{FAE04EC0-301F-11D3-BF4B-00C04F79EFBC}") = "TestA.ConsoleRunner", "TestA.ConsoleRunner\TestA.ConsoleRunner.csproj", "{8C0FD6EF-2285-4E56-9464-68A6A2B6C4B4}"
EndProject
Global
	GlobalSection(SolutionConfigurationPlatforms) = preSolution
		Debug|Any CPU = Debug|Any CPU
		Release|Any CPU = Release|Any CPU
	EndGlobalSection
	GlobalSection(ProjectConfigurationPlatforms) = postSolution
		{619089C3-7974-433A-A74D-4E9ABDF1B6A3}.Debug|Any CPU.ActiveCfg = Debug|Any CPU
		{619089C3-7974-433A-A74D-4E9ABDF1B6A3}.Debug|Any CPU.Build.0 = Debug|Any CPU
		{619089C3-7974-433A-A74D-4E9ABDF1B6A3}.Release|Any CPU.ActiveCfg = Release|Any CPU
		{619089C3-7974-433A-A74D-4E9ABDF1B6A3}.Release|Any CPU.Build.0 = Release|Any CPU
		{8C0FD6EF-2285-4E56-9464-68A6A2B6C4B4}.Debug|Any CPU.ActiveCfg = Debug|Any CPU
		{8C0FD6EF-2285-4E56-9464-68A6A2B6C4B4}.Debug|Any CPU.Build.0 = Debug|Any CPU
		{8C0FD6EF-2285-4E56-9464-68A6A2B6C4B4}.Release|Any CPU.ActiveCfg = Release|Any CPU
		{8C0FD6EF-2285-4E56-9464-68A6A2B6C4B4}.Release|Any CPU.Build.0 = Release|Any CPU
	EndGlobalSection
EndGlobal
